// !$*UTF8*$!
{
	archiveVersion = 1;
	classes = {
	};
	objectVersion = 46;
	objects = {

/* Begin PBXBuildFile section */
		C80996251990C181009791D6 /* sample.db in Resources */ = {isa = PBXBuildFile; fileRef = C80996241990C181009791D6 /* sample.db */; };
		C81A8DC9197E550A0074C18F /* Foundation.framework in Frameworks */ = {isa = PBXBuildFile; fileRef = C81A8DC8197E550A0074C18F /* Foundation.framework */; };
		C81A8DCB197E550A0074C18F /* CoreGraphics.framework in Frameworks */ = {isa = PBXBuildFile; fileRef = C81A8DCA197E550A0074C18F /* CoreGraphics.framework */; };
		C81A8DCD197E550A0074C18F /* UIKit.framework in Frameworks */ = {isa = PBXBuildFile; fileRef = C81A8DCC197E550A0074C18F /* UIKit.framework */; };
		C81A8DD3197E550A0074C18F /* InfoPlist.strings in Resources */ = {isa = PBXBuildFile; fileRef = C81A8DD1197E550A0074C18F /* InfoPlist.strings */; };
		C81A8DD5197E550A0074C18F /* main.m in Sources */ = {isa = PBXBuildFile; fileRef = C81A8DD4197E550A0074C18F /* main.m */; };
		C81A8DD9197E550A0074C18F /* AppDelegate.m in Sources */ = {isa = PBXBuildFile; fileRef = C81A8DD8197E550A0074C18F /* AppDelegate.m */; };
		C81A8DDC197E550A0074C18F /* Main_iPhone.storyboard in Resources */ = {isa = PBXBuildFile; fileRef = C81A8DDA197E550A0074C18F /* Main_iPhone.storyboard */; };
		C81A8DDF197E550A0074C18F /* Main_iPad.storyboard in Resources */ = {isa = PBXBuildFile; fileRef = C81A8DDD197E550A0074C18F /* Main_iPad.storyboard */; };
		C81A8DE2197E550A0074C18F /* MapViewController.m in Sources */ = {isa = PBXBuildFile; fileRef = C81A8DE1197E550A0074C18F /* MapViewController.m */; };
		C81A8DE4197E550A0074C18F /* Images.xcassets in Resources */ = {isa = PBXBuildFile; fileRef = C81A8DE3197E550A0074C18F /* Images.xcassets */; };
		C81A8DEB197E550A0074C18F /* XCTest.framework in Frameworks */ = {isa = PBXBuildFile; fileRef = C81A8DEA197E550A0074C18F /* XCTest.framework */; };
		C81A8DEC197E550A0074C18F /* Foundation.framework in Frameworks */ = {isa = PBXBuildFile; fileRef = C81A8DC8197E550A0074C18F /* Foundation.framework */; };
		C81A8DED197E550A0074C18F /* UIKit.framework in Frameworks */ = {isa = PBXBuildFile; fileRef = C81A8DCC197E550A0074C18F /* UIKit.framework */; };
		C81A8DF5197E550A0074C18F /* InfoPlist.strings in Resources */ = {isa = PBXBuildFile; fileRef = C81A8DF3197E550A0074C18F /* InfoPlist.strings */; };
		C81A8DF7197E550A0074C18F /* IndoorPositionTests.m in Sources */ = {isa = PBXBuildFile; fileRef = C81A8DF6197E550A0074C18F /* IndoorPositionTests.m */; };
		C81A8E02197E5E680074C18F /* MapListTableViewController.m in Sources */ = {isa = PBXBuildFile; fileRef = C81A8E01197E5E680074C18F /* MapListTableViewController.m */; };
		C81A8E0A197F60100074C18F /* UIImageView+gestureUtility.m in Sources */ = {isa = PBXBuildFile; fileRef = C81A8E09197F60100074C18F /* UIImageView+gestureUtility.m */; };
		C85A786D1980940B0060504E /* CoreBluetooth.framework in Frameworks */ = {isa = PBXBuildFile; fileRef = C85A786C1980940B0060504E /* CoreBluetooth.framework */; };
		C85A786F198094100060504E /* CoreLocation.framework in Frameworks */ = {isa = PBXBuildFile; fileRef = C85A786E198094100060504E /* CoreLocation.framework */; };
		C85A787E1980BE6A0060504E /* CoreData.framework in Frameworks */ = {isa = PBXBuildFile; fileRef = C85A787D1980BE6A0060504E /* CoreData.framework */; };
		C8796DA119889F3C00805CD0 /* libsqlite3.dylib in Frameworks */ = {isa = PBXBuildFile; fileRef = C8796DA019889F3C00805CD0 /* libsqlite3.dylib */; };
		C8796DA61988A95A00805CD0 /* DBManager.m in Sources */ = {isa = PBXBuildFile; fileRef = C8796DA51988A95A00805CD0 /* DBManager.m */; };
		C8E5F6DD19934348008A21A6 /* MapData.m in Sources */ = {isa = PBXBuildFile; fileRef = C8E5F6DC19934348008A21A6 /* MapData.m */; };
/* End PBXBuildFile section */

/* Begin PBXContainerItemProxy section */
		C81A8DEE197E550A0074C18F /* PBXContainerItemProxy */ = {
			isa = PBXContainerItemProxy;
			containerPortal = C81A8DBD197E550A0074C18F /* Project object */;
			proxyType = 1;
			remoteGlobalIDString = C81A8DC4197E550A0074C18F;
			remoteInfo = IndoorPosition;
		};
/* End PBXContainerItemProxy section */

/* Begin PBXFileReference section */
		C80996241990C181009791D6 /* sample.db */ = {isa = PBXFileReference; lastKnownFileType = file; path = sample.db; sourceTree = "<group>"; };
		C81A8DC5197E550A0074C18F /* IndoorPosition.app */ = {isa = PBXFileReference; explicitFileType = wrapper.application; includeInIndex = 0; path = IndoorPosition.app; sourceTree = BUILT_PRODUCTS_DIR; };
		C81A8DC8197E550A0074C18F /* Foundation.framework */ = {isa = PBXFileReference; lastKnownFileType = wrapper.framework; name = Foundation.framework; path = System/Library/Frameworks/Foundation.framework; sourceTree = SDKROOT; };
		C81A8DCA197E550A0074C18F /* CoreGraphics.framework */ = {isa = PBXFileReference; lastKnownFileType = wrapper.framework; name = CoreGraphics.framework; path = System/Library/Frameworks/CoreGraphics.framework; sourceTree = SDKROOT; };
		C81A8DCC197E550A0074C18F /* UIKit.framework */ = {isa = PBXFileReference; lastKnownFileType = wrapper.framework; name = UIKit.framework; path = System/Library/Frameworks/UIKit.framework; sourceTree = SDKROOT; };
		C81A8DD0197E550A0074C18F /* IndoorPosition-Info.plist */ = {isa = PBXFileReference; lastKnownFileType = text.plist.xml; path = "IndoorPosition-Info.plist"; sourceTree = "<group>"; };
		C81A8DD2197E550A0074C18F /* en */ = {isa = PBXFileReference; lastKnownFileType = text.plist.strings; name = en; path = en.lproj/InfoPlist.strings; sourceTree = "<group>"; };
		C81A8DD4197E550A0074C18F /* main.m */ = {isa = PBXFileReference; lastKnownFileType = sourcecode.c.objc; path = main.m; sourceTree = "<group>"; };
		C81A8DD6197E550A0074C18F /* IndoorPosition-Prefix.pch */ = {isa = PBXFileReference; lastKnownFileType = sourcecode.c.h; path = "IndoorPosition-Prefix.pch"; sourceTree = "<group>"; };
		C81A8DD7197E550A0074C18F /* AppDelegate.h */ = {isa = PBXFileReference; lastKnownFileType = sourcecode.c.h; path = AppDelegate.h; sourceTree = "<group>"; };
		C81A8DD8197E550A0074C18F /* AppDelegate.m */ = {isa = PBXFileReference; lastKnownFileType = sourcecode.c.objc; path = AppDelegate.m; sourceTree = "<group>"; };
		C81A8DDB197E550A0074C18F /* Base */ = {isa = PBXFileReference; lastKnownFileType = file.storyboard; name = Base; path = Base.lproj/Main_iPhone.storyboard; sourceTree = "<group>"; };
		C81A8DDE197E550A0074C18F /* Base */ = {isa = PBXFileReference; lastKnownFileType = file.storyboard; name = Base; path = Base.lproj/Main_iPad.storyboard; sourceTree = "<group>"; };
		C81A8DE0197E550A0074C18F /* MapViewController.h */ = {isa = PBXFileReference; lastKnownFileType = sourcecode.c.h; path = MapViewController.h; sourceTree = "<group>"; };
		C81A8DE1197E550A0074C18F /* MapViewController.m */ = {isa = PBXFileReference; lastKnownFileType = sourcecode.c.objc; path = MapViewController.m; sourceTree = "<group>"; };
		C81A8DE3197E550A0074C18F /* Images.xcassets */ = {isa = PBXFileReference; lastKnownFileType = folder.assetcatalog; path = Images.xcassets; sourceTree = "<group>"; };
		C81A8DE9197E550A0074C18F /* IndoorPositionTests.xctest */ = {isa = PBXFileReference; explicitFileType = wrapper.cfbundle; includeInIndex = 0; path = IndoorPositionTests.xctest; sourceTree = BUILT_PRODUCTS_DIR; };
		C81A8DEA197E550A0074C18F /* XCTest.framework */ = {isa = PBXFileReference; lastKnownFileType = wrapper.framework; name = XCTest.framework; path = Library/Frameworks/XCTest.framework; sourceTree = DEVELOPER_DIR; };
		C81A8DF2197E550A0074C18F /* IndoorPositionTests-Info.plist */ = {isa = PBXFileReference; lastKnownFileType = text.plist.xml; path = "IndoorPositionTests-Info.plist"; sourceTree = "<group>"; };
		C81A8DF4197E550A0074C18F /* en */ = {isa = PBXFileReference; lastKnownFileType = text.plist.strings; name = en; path = en.lproj/InfoPlist.strings; sourceTree = "<group>"; };
		C81A8DF6197E550A0074C18F /* IndoorPositionTests.m */ = {isa = PBXFileReference; lastKnownFileType = sourcecode.c.objc; path = IndoorPositionTests.m; sourceTree = "<group>"; };
		C81A8E00197E5E680074C18F /* MapListTableViewController.h */ = {isa = PBXFileReference; fileEncoding = 4; lastKnownFileType = sourcecode.c.h; path = MapListTableViewController.h; sourceTree = "<group>"; };
		C81A8E01197E5E680074C18F /* MapListTableViewController.m */ = {isa = PBXFileReference; fileEncoding = 4; lastKnownFileType = sourcecode.c.objc; path = MapListTableViewController.m; sourceTree = "<group>"; };
		C81A8E08197F60100074C18F /* UIImageView+gestureUtility.h */ = {isa = PBXFileReference; fileEncoding = 4; lastKnownFileType = sourcecode.c.h; path = "UIImageView+gestureUtility.h"; sourceTree = "<group>"; };
		C81A8E09197F60100074C18F /* UIImageView+gestureUtility.m */ = {isa = PBXFileReference; fileEncoding = 4; lastKnownFileType = sourcecode.c.objc; path = "UIImageView+gestureUtility.m"; sourceTree = "<group>"; };
		C85A786C1980940B0060504E /* CoreBluetooth.framework */ = {isa = PBXFileReference; lastKnownFileType = wrapper.framework; name = CoreBluetooth.framework; path = System/Library/Frameworks/CoreBluetooth.framework; sourceTree = SDKROOT; };
		C85A786E198094100060504E /* CoreLocation.framework */ = {isa = PBXFileReference; lastKnownFileType = wrapper.framework; name = CoreLocation.framework; path = System/Library/Frameworks/CoreLocation.framework; sourceTree = SDKROOT; };
		C85A787D1980BE6A0060504E /* CoreData.framework */ = {isa = PBXFileReference; lastKnownFileType = wrapper.framework; name = CoreData.framework; path = System/Library/Frameworks/CoreData.framework; sourceTree = SDKROOT; };
		C8796DA019889F3C00805CD0 /* libsqlite3.dylib */ = {isa = PBXFileReference; lastKnownFileType = "compiled.mach-o.dylib"; name = libsqlite3.dylib; path = usr/lib/libsqlite3.dylib; sourceTree = SDKROOT; };
		C8796DA41988A95A00805CD0 /* DBManager.h */ = {isa = PBXFileReference; fileEncoding = 4; lastKnownFileType = sourcecode.c.h; path = DBManager.h; sourceTree = "<group>"; };
		C8796DA51988A95A00805CD0 /* DBManager.m */ = {isa = PBXFileReference; fileEncoding = 4; lastKnownFileType = sourcecode.c.objc; path = DBManager.m; sourceTree = "<group>"; };
		C8E5F6DB19934348008A21A6 /* MapData.h */ = {isa = PBXFileReference; fileEncoding = 4; lastKnownFileType = sourcecode.c.h; path = MapData.h; sourceTree = "<group>"; };
		C8E5F6DC19934348008A21A6 /* MapData.m */ = {isa = PBXFileReference; fileEncoding = 4; lastKnownFileType = sourcecode.c.objc; path = MapData.m; sourceTree = "<group>"; };
/* End PBXFileReference section */

/* Begin PBXFrameworksBuildPhase section */
		C81A8DC2197E550A0074C18F /* Frameworks */ = {
			isa = PBXFrameworksBuildPhase;
			buildActionMask = 2147483647;
			files = (
				C8796DA119889F3C00805CD0 /* libsqlite3.dylib in Frameworks */,
				C85A787E1980BE6A0060504E /* CoreData.framework in Frameworks */,
				C85A786F198094100060504E /* CoreLocation.framework in Frameworks */,
				C85A786D1980940B0060504E /* CoreBluetooth.framework in Frameworks */,
				C81A8DCB197E550A0074C18F /* CoreGraphics.framework in Frameworks */,
				C81A8DCD197E550A0074C18F /* UIKit.framework in Frameworks */,
				C81A8DC9197E550A0074C18F /* Foundation.framework in Frameworks */,
			);
			runOnlyForDeploymentPostprocessing = 0;
		};
		C81A8DE6197E550A0074C18F /* Frameworks */ = {
			isa = PBXFrameworksBuildPhase;
			buildActionMask = 2147483647;
			files = (
				C81A8DEB197E550A0074C18F /* XCTest.framework in Frameworks */,
				C81A8DED197E550A0074C18F /* UIKit.framework in Frameworks */,
				C81A8DEC197E550A0074C18F /* Foundation.framework in Frameworks */,
			);
			runOnlyForDeploymentPostprocessing = 0;
		};
/* End PBXFrameworksBuildPhase section */

/* Begin PBXGroup section */
		C81A8DBC197E550A0074C18F = {
			isa = PBXGroup;
			children = (
				C81A8DCE197E550A0074C18F /* IndoorPosition */,
				C81A8DF0197E550A0074C18F /* IndoorPositionTests */,
				C81A8DC7197E550A0074C18F /* Frameworks */,
				C81A8DC6197E550A0074C18F /* Products */,
			);
			sourceTree = "<group>";
		};
		C81A8DC6197E550A0074C18F /* Products */ = {
			isa = PBXGroup;
			children = (
				C81A8DC5197E550A0074C18F /* IndoorPosition.app */,
				C81A8DE9197E550A0074C18F /* IndoorPositionTests.xctest */,
			);
			name = Products;
			sourceTree = "<group>";
		};
		C81A8DC7197E550A0074C18F /* Frameworks */ = {
			isa = PBXGroup;
			children = (
				C8796DA019889F3C00805CD0 /* libsqlite3.dylib */,
				C85A787D1980BE6A0060504E /* CoreData.framework */,
				C85A786E198094100060504E /* CoreLocation.framework */,
				C85A786C1980940B0060504E /* CoreBluetooth.framework */,
				C81A8DC8197E550A0074C18F /* Foundation.framework */,
				C81A8DCA197E550A0074C18F /* CoreGraphics.framework */,
				C81A8DCC197E550A0074C18F /* UIKit.framework */,
				C81A8DEA197E550A0074C18F /* XCTest.framework */,
			);
			name = Frameworks;
			sourceTree = "<group>";
		};
		C81A8DCE197E550A0074C18F /* IndoorPosition */ = {
			isa = PBXGroup;
			children = (
				C81A8E07197E62CE0074C18F /* Controller */,
				C81A8E03197E619C0074C18F /* View */,
				C85A787319809D250060504E /* Model */,
				C81A8DE3197E550A0074C18F /* Images.xcassets */,
				C81A8DCF197E550A0074C18F /* Supporting Files */,
			);
			path = IndoorPosition;
			sourceTree = "<group>";
		};
		C81A8DCF197E550A0074C18F /* Supporting Files */ = {
			isa = PBXGroup;
			children = (
				C81A8DD7197E550A0074C18F /* AppDelegate.h */,
				C81A8DD8197E550A0074C18F /* AppDelegate.m */,
				C81A8DD0197E550A0074C18F /* IndoorPosition-Info.plist */,
				C81A8DD1197E550A0074C18F /* InfoPlist.strings */,
				C81A8DD4197E550A0074C18F /* main.m */,
				C81A8DD6197E550A0074C18F /* IndoorPosition-Prefix.pch */,
			);
			name = "Supporting Files";
			sourceTree = "<group>";
		};
		C81A8DF0197E550A0074C18F /* IndoorPositionTests */ = {
			isa = PBXGroup;
			children = (
				C81A8DF6197E550A0074C18F /* IndoorPositionTests.m */,
				C81A8DF1197E550A0074C18F /* Supporting Files */,
			);
			path = IndoorPositionTests;
			sourceTree = "<group>";
		};
		C81A8DF1197E550A0074C18F /* Supporting Files */ = {
			isa = PBXGroup;
			children = (
				C81A8DF2197E550A0074C18F /* IndoorPositionTests-Info.plist */,
				C81A8DF3197E550A0074C18F /* InfoPlist.strings */,
			);
			name = "Supporting Files";
			sourceTree = "<group>";
		};
		C81A8E03197E619C0074C18F /* View */ = {
			isa = PBXGroup;
			children = (
				C81A8E08197F60100074C18F /* UIImageView+gestureUtility.h */,
				C81A8E09197F60100074C18F /* UIImageView+gestureUtility.m */,
				C81A8DDA197E550A0074C18F /* Main_iPhone.storyboard */,
				C81A8DDD197E550A0074C18F /* Main_iPad.storyboard */,
			);
			name = View;
			sourceTree = "<group>";
		};
		C81A8E07197E62CE0074C18F /* Controller */ = {
			isa = PBXGroup;
			children = (
				C81A8E00197E5E680074C18F /* MapListTableViewController.h */,
				C81A8E01197E5E680074C18F /* MapListTableViewController.m */,
				C81A8DE0197E550A0074C18F /* MapViewController.h */,
				C81A8DE1197E550A0074C18F /* MapViewController.m */,
			);
			name = Controller;
			sourceTree = "<group>";
		};
		C85A787319809D250060504E /* Model */ = {
			isa = PBXGroup;
			children = (
				C80996241990C181009791D6 /* sample.db */,
				C8E5F6DB19934348008A21A6 /* MapData.h */,
				C8E5F6DC19934348008A21A6 /* MapData.m */,
				C8796DA41988A95A00805CD0 /* DBManager.h */,
				C8796DA51988A95A00805CD0 /* DBManager.m */,
			);
			name = Model;
			sourceTree = "<group>";
		};
/* End PBXGroup section */

/* Begin PBXNativeTarget section */
		C81A8DC4197E550A0074C18F /* IndoorPosition */ = {
			isa = PBXNativeTarget;
			buildConfigurationList = C81A8DFA197E550A0074C18F /* Build configuration list for PBXNativeTarget "IndoorPosition" */;
			buildPhases = (
				C81A8DC1197E550A0074C18F /* Sources */,
				C81A8DC2197E550A0074C18F /* Frameworks */,
				C81A8DC3197E550A0074C18F /* Resources */,
			);
			buildRules = (
			);
			dependencies = (
			);
			name = IndoorPosition;
			productName = IndoorPosition;
			productReference = C81A8DC5197E550A0074C18F /* IndoorPosition.app */;
			productType = "com.apple.product-type.application";
		};
		C81A8DE8197E550A0074C18F /* IndoorPositionTests */ = {
			isa = PBXNativeTarget;
			buildConfigurationList = C81A8DFD197E550A0074C18F /* Build configuration list for PBXNativeTarget "IndoorPositionTests" */;
			buildPhases = (
				C81A8DE5197E550A0074C18F /* Sources */,
				C81A8DE6197E550A0074C18F /* Frameworks */,
				C81A8DE7197E550A0074C18F /* Resources */,
			);
			buildRules = (
			);
			dependencies = (
				C81A8DEF197E550A0074C18F /* PBXTargetDependency */,
			);
			name = IndoorPositionTests;
			productName = IndoorPositionTests;
			productReference = C81A8DE9197E550A0074C18F /* IndoorPositionTests.xctest */;
			productType = "com.apple.product-type.bundle.unit-test";
		};
/* End PBXNativeTarget section */

/* Begin PBXProject section */
		C81A8DBD197E550A0074C18F /* Project object */ = {
			isa = PBXProject;
			attributes = {
				LastUpgradeCheck = 0510;
				ORGANIZATIONNAME = YongChang;
				TargetAttributes = {
					C81A8DE8197E550A0074C18F = {
						TestTargetID = C81A8DC4197E550A0074C18F;
					};
				};
			};
			buildConfigurationList = C81A8DC0197E550A0074C18F /* Build configuration list for PBXProject "IndoorPosition" */;
			compatibilityVersion = "Xcode 3.2";
			developmentRegion = English;
			hasScannedForEncodings = 0;
			knownRegions = (
				en,
				Base,
			);
			mainGroup = C81A8DBC197E550A0074C18F;
			productRefGroup = C81A8DC6197E550A0074C18F /* Products */;
			projectDirPath = "";
			projectRoot = "";
			targets = (
				C81A8DC4197E550A0074C18F /* IndoorPosition */,
				C81A8DE8197E550A0074C18F /* IndoorPositionTests */,
			);
		};
/* End PBXProject section */

/* Begin PBXResourcesBuildPhase section */
		C81A8DC3197E550A0074C18F /* Resources */ = {
			isa = PBXResourcesBuildPhase;
			buildActionMask = 2147483647;
			files = (
				C81A8DDF197E550A0074C18F /* Main_iPad.storyboard in Resources */,
				C81A8DE4197E550A0074C18F /* Images.xcassets in Resources */,
				C81A8DDC197E550A0074C18F /* Main_iPhone.storyboard in Resources */,
				C81A8DD3197E550A0074C18F /* InfoPlist.strings in Resources */,
				C80996251990C181009791D6 /* sample.db in Resources */,
			);
			runOnlyForDeploymentPostprocessing = 0;
		};
		C81A8DE7197E550A0074C18F /* Resources */ = {
			isa = PBXResourcesBuildPhase;
			buildActionMask = 2147483647;
			files = (
				C81A8DF5197E550A0074C18F /* InfoPlist.strings in Resources */,
			);
			runOnlyForDeploymentPostprocessing = 0;
		};
/* End PBXResourcesBuildPhase section */

/* Begin PBXSourcesBuildPhase section */
		C81A8DC1197E550A0074C18F /* Sources */ = {
			isa = PBXSourcesBuildPhase;
			buildActionMask = 2147483647;
			files = (
				C8E5F6DD19934348008A21A6 /* MapData.m in Sources */,
				C81A8E02197E5E680074C18F /* MapListTableViewController.m in Sources */,
				C81A8E0A197F60100074C18F /* UIImageView+gestureUtility.m in Sources */,
				C81A8DE2197E550A0074C18F /* MapViewController.m in Sources */,
				C81A8DD9197E550A0074C18F /* AppDelegate.m in Sources */,
				C81A8DD5197E550A0074C18F /* main.m in Sources */,
				C8796DA61988A95A00805CD0 /* DBManager.m in Sources */,
			);
			runOnlyForDeploymentPostprocessing = 0;
		};
		C81A8DE5197E550A0074C18F /* Sources */ = {
			isa = PBXSourcesBuildPhase;
			buildActionMask = 2147483647;
			files = (
				C81A8DF7197E550A0074C18F /* IndoorPositionTests.m in Sources */,
			);
			runOnlyForDeploymentPostprocessing = 0;
		};
/* End PBXSourcesBuildPhase section */

/* Begin PBXTargetDependency section */
		C81A8DEF197E550A0074C18F /* PBXTargetDependency */ = {
			isa = PBXTargetDependency;
			target = C81A8DC4197E550A0074C18F /* IndoorPosition */;
			targetProxy = C81A8DEE197E550A0074C18F /* PBXContainerItemProxy */;
		};
/* End PBXTargetDependency section */

/* Begin PBXVariantGroup section */
		C81A8DD1197E550A0074C18F /* InfoPlist.strings */ = {
			isa = PBXVariantGroup;
			children = (
				C81A8DD2197E550A0074C18F /* en */,
			);
			name = InfoPlist.strings;
			sourceTree = "<group>";
		};
		C81A8DDA197E550A0074C18F /* Main_iPhone.storyboard */ = {
			isa = PBXVariantGroup;
			children = (
				C81A8DDB197E550A0074C18F /* Base */,
			);
			name = Main_iPhone.storyboard;
			sourceTree = "<group>";
		};
		C81A8DDD197E550A0074C18F /* Main_iPad.storyboard */ = {
			isa = PBXVariantGroup;
			children = (
				C81A8DDE197E550A0074C18F /* Base */,
			);
			name = Main_iPad.storyboard;
			sourceTree = "<group>";
		};
		C81A8DF3197E550A0074C18F /* InfoPlist.strings */ = {
			isa = PBXVariantGroup;
			children = (
				C81A8DF4197E550A0074C18F /* en */,
			);
			name = InfoPlist.strings;
			sourceTree = "<group>";
		};
/* End PBXVariantGroup section */

/* Begin XCBuildConfiguration section */
		C81A8DF8197E550A0074C18F /* Debug */ = {
			isa = XCBuildConfiguration;
			buildSettings = {
				ALWAYS_SEARCH_USER_PATHS = NO;
				CLANG_CXX_LANGUAGE_STANDARD = "gnu++0x";
				CLANG_CXX_LIBRARY = "libc++";
				CLANG_ENABLE_MODULES = YES;
				CLANG_ENABLE_OBJC_ARC = YES;
				CLANG_WARN_BOOL_CONVERSION = YES;
				CLANG_WARN_CONSTANT_CONVERSION = YES;
				CLANG_WARN_DIRECT_OBJC_ISA_USAGE = YES_ERROR;
				CLANG_WARN_EMPTY_BODY = YES;
				CLANG_WARN_ENUM_CONVERSION = YES;
				CLANG_WARN_INT_CONVERSION = YES;
				CLANG_WARN_OBJC_ROOT_CLASS = YES_ERROR;
				CLANG_WARN__DUPLICATE_METHOD_MATCH = YES;
				"CODE_SIGN_IDENTITY[sdk=iphoneos*]" = "iPhone Developer";
				COPY_PHASE_STRIP = NO;
				GCC_C_LANGUAGE_STANDARD = gnu99;
				GCC_DYNAMIC_NO_PIC = NO;
				GCC_OPTIMIZATION_LEVEL = 0;
				GCC_PREPROCESSOR_DEFINITIONS = (
					"DEBUG=1",
					"$(inherited)",
				);
				GCC_SYMBOLS_PRIVATE_EXTERN = NO;
				GCC_WARN_64_TO_32_BIT_CONVERSION = YES;
				GCC_WARN_ABOUT_RETURN_TYPE = YES_ERROR;
				GCC_WARN_UNDECLARED_SELECTOR = YES;
				GCC_WARN_UNINITIALIZED_AUTOS = YES_AGGRESSIVE;
				GCC_WARN_UNUSED_FUNCTION = YES;
				GCC_WARN_UNUSED_VARIABLE = YES;
				IPHONEOS_DEPLOYMENT_TARGET = 7.1;
				ONLY_ACTIVE_ARCH = YES;
				SDKROOT = iphoneos;
				TARGETED_DEVICE_FAMILY = "1,2";
			};
			name = Debug;
		};
		C81A8DF9197E550A0074C18F /* Release */ = {
			isa = XCBuildConfiguration;
			buildSettings = {
				ALWAYS_SEARCH_USER_PATHS = NO;
				CLANG_CXX_LANGUAGE_STANDARD = "gnu++0x";
				CLANG_CXX_LIBRARY = "libc++";
				CLANG_ENABLE_MODULES = YES;
				CLANG_ENABLE_OBJC_ARC = YES;
				CLANG_WARN_BOOL_CONVERSION = YES;
				CLANG_WARN_CONSTANT_CONVERSION = YES;
				CLANG_WARN_DIRECT_OBJC_ISA_USAGE = YES_ERROR;
				CLANG_WARN_EMPTY_BODY = YES;
				CLANG_WARN_ENUM_CONVERSION = YES;
				CLANG_WARN_INT_CONVERSION = YES;
				CLANG_WARN_OBJC_ROOT_CLASS = YES_ERROR;
				CLANG_WARN__DUPLICATE_METHOD_MATCH = YES;
				"CODE_SIGN_IDENTITY[sdk=iphoneos*]" = "iPhone Developer";
				COPY_PHASE_STRIP = YES;
				ENABLE_NS_ASSERTIONS = NO;
				GCC_C_LANGUAGE_STANDARD = gnu99;
				GCC_WARN_64_TO_32_BIT_CONVERSION = YES;
				GCC_WARN_ABOUT_RETURN_TYPE = YES_ERROR;
				GCC_WARN_UNDECLARED_SELECTOR = YES;
				GCC_WARN_UNINITIALIZED_AUTOS = YES_AGGRESSIVE;
				GCC_WARN_UNUSED_FUNCTION = YES;
				GCC_WARN_UNUSED_VARIABLE = YES;
				IPHONEOS_DEPLOYMENT_TARGET = 7.1;
				SDKROOT = iphoneos;
				TARGETED_DEVICE_FAMILY = "1,2";
				VALIDATE_PRODUCT = YES;
			};
			name = Release;
		};
		C81A8DFB197E550A0074C18F /* Debug */ = {
			isa = XCBuildConfiguration;
			buildSettings = {
				ASSETCATALOG_COMPILER_APPICON_NAME = AppIcon;
				ASSETCATALOG_COMPILER_LAUNCHIMAGE_NAME = LaunchImage;
				GCC_PRECOMPILE_PREFIX_HEADER = YES;
				GCC_PREFIX_HEADER = "IndoorPosition/IndoorPosition-Prefix.pch";
				INFOPLIST_FILE = "IndoorPosition/IndoorPosition-Info.plist";
				PRODUCT_NAME = "$(TARGET_NAME)";
				WRAPPER_EXTENSION = app;
			};
			name = Debug;
		};
		C81A8DFC197E550A0074C18F /* Release */ = {
			isa = XCBuildConfiguration;
			buildSettings = {
				ASSETCATALOG_COMPILER_APPICON_NAME = AppIcon;
				ASSETCATALOG_COMPILER_LAUNCHIMAGE_NAME = LaunchImage;
				GCC_PRECOMPILE_PREFIX_HEADER = YES;
				GCC_PREFIX_HEADER = "IndoorPosition/IndoorPosition-Prefix.pch";
				INFOPLIST_FILE = "IndoorPosition/IndoorPosition-Info.plist";
				PRODUCT_NAME = "$(TARGET_NAME)";
				WRAPPER_EXTENSION = app;
			};
			name = Release;
		};
		C81A8DFE197E550A0074C18F /* Debug */ = {
			isa = XCBuildConfiguration;
			buildSettings = {
				BUNDLE_LOADER = "$(BUILT_PRODUCTS_DIR)/IndoorPosition.app/IndoorPosition";
				FRAMEWORK_SEARCH_PATHS = (
					"$(SDKROOT)/Developer/Library/Frameworks",
					"$(inherited)",
					"$(DEVELOPER_FRAMEWORKS_DIR)",
				);
				GCC_PRECOMPILE_PREFIX_HEADER = YES;
				GCC_PREFIX_HEADER = "IndoorPosition/IndoorPosition-Prefix.pch";
				GCC_PREPROCESSOR_DEFINITIONS = (
					"DEBUG=1",
					"$(inherited)",
				);
				INFOPLIST_FILE = "IndoorPositionTests/IndoorPositionTests-Info.plist";
				PRODUCT_NAME = "$(TARGET_NAME)";
				TEST_HOST = "$(BUNDLE_LOADER)";
				WRAPPER_EXTENSION = xctest;
			};
			name = Debug;
		};
		C81A8DFF197E550A0074C18F /* Release */ = {
			isa = XCBuildConfiguration;
			buildSettings = {
				BUNDLE_LOADER = "$(BUILT_PRODUCTS_DIR)/IndoorPosition.app/IndoorPosition";
				FRAMEWORK_SEARCH_PATHS = (
					"$(SDKROOT)/Developer/Library/Frameworks",
					"$(inherited)",
					"$(DEVELOPER_FRAMEWORKS_DIR)",
				);
				GCC_PRECOMPILE_PREFIX_HEADER = YES;
				GCC_PREFIX_HEADER = "IndoorPosition/IndoorPosition-Prefix.pch";
				INFOPLIST_FILE = "IndoorPositionTests/IndoorPositionTests-Info.plist";
				PRODUCT_NAME = "$(TARGET_NAME)";
				TEST_HOST = "$(BUNDLE_LOADER)";
				WRAPPER_EXTENSION = xctest;
			};
			name = Release;
		};
/* End XCBuildConfiguration section */

/* Begin XCConfigurationList section */
		C81A8DC0197E550A0074C18F /* Build configuration list for PBXProject "IndoorPosition" */ = {
			isa = XCConfigurationList;
			buildConfigurations = (
				C81A8DF8197E550A0074C18F /* Debug */,
				C81A8DF9197E550A0074C18F /* Release */,
			);
			defaultConfigurationIsVisible = 0;
			defaultConfigurationName = Release;
		};
		C81A8DFA197E550A0074C18F /* Build configuration list for PBXNativeTarget "IndoorPosition" */ = {
			isa = XCConfigurationList;
			buildConfigurations = (
				C81A8DFB197E550A0074C18F /* Debug */,
				C81A8DFC197E550A0074C18F /* Release */,
			);
			defaultConfigurationIsVisible = 0;
			defaultConfigurationName = Release;
		};
		C81A8DFD197E550A0074C18F /* Build configuration list for PBXNativeTarget "IndoorPositionTests" */ = {
			isa = XCConfigurationList;
			buildConfigurations = (
				C81A8DFE197E550A0074C18F /* Debug */,
				C81A8DFF197E550A0074C18F /* Release */,
			);
			defaultConfigurationIsVisible = 0;
			defaultConfigurationName = Release;
		};
/* End XCConfigurationList section */
	};
	rootObject = C81A8DBD197E550A0074C18F /* Project object */;
}
